{
  "object": {
    "pins": [
      {
        "package": "SwiftGraph",
        "repositoryURL": "https://github.com/davecom/SwiftGraph",
        "state": {
          "branch": null,
          "revision": "c369391fe1d86ba3f6771cd0004ad996b9a9e076",
          "version": "1.5.1"
        }
      }
    ]
  },
  "version": 1
}
