{
  "object": {
    "pins": [
      {
        "package": "SwiftGraph",
        "repositoryURL": "https://github.com/davecom/SwiftGraph",
        "state": {
          "branch": "master",
          "revision": "4fa0dbe52ff6fe6f9194d1599c42e8b27f131657",
          "version": null
        }
      }
    ]
  },
  "version": 1
}
