{
  "object": {
    "pins": [
      {
        "package": "SwiftGraph",
        "repositoryURL": "https://github.com/davecom/SwiftGraph",
        "state": {
          "branch": "master",
          "revision": "d236b0c0f55bbc0e0e2f8cd61930f9b239c1b7eb",
          "version": null
        }
      }
    ]
  },
  "version": 1
}
